
Microsoft Visual Studio Solution File, Format Version 12.00
# Visual Studio Version 17
VisualStudioVersion = 17.0.31903.59
MinimumVisualStudioVersion = 10.0.40219.1
Project("{2150E333-8FDC-42A3-9474-1A3956D46DE8}") = "src", "src", "{BC350437-839E-4883-8391-E1612E997827}"
EndProject
Project("{FAE04EC0-301F-11D3-BF4B-00C04F79EFBC}") = "Lexer", "src\Lexer\Lexer.csproj", "{B7C668EC-38FC-4576-83E1-A5DAF7E8F3F3}"
EndProject
Project("{2150E333-8FDC-42A3-9474-1A3956D46DE8}") = "tests", "tests", "{24A6D78E-8DC2-46CE-BABC-90E456CD72E2}"
EndProject
Project("{FAE04EC0-301F-11D3-BF4B-00C04F79EFBC}") = "Lexer.UnitTests", "tests\Lexer.UnitTests\Lexer.UnitTests.csproj", "{F2651B6E-CFBC-4B06-B6B0-9526C11EAB84}"
EndProject
Project("{FAE04EC0-301F-11D3-BF4B-00C04F79EFBC}") = "Parser", "src\Parser\Parser.csproj", "{5BA99273-6252-4FFA-A4BC-B4BF05E3D592}"
EndProject
Project("{FAE04EC0-301F-11D3-BF4B-00C04F79EFBC}") = "Parser.UnitTests", "tests\Parser.UnitTests\Parser.UnitTests.csproj", "{77625A8A-50C8-42F4-A97B-388637128ABF}"
EndProject
Project("{FAE04EC0-301F-11D3-BF4B-00C04F79EFBC}") = "Grammar", "src\Grammar\Grammar.csproj", "{D58B6208-7E63-4976-9635-F45206AFCF34}"
EndProject
Project("{FAE04EC0-301F-11D3-BF4B-00C04F79EFBC}") = "Grammar.UnitTests", "tests\Grammar.UnitTests\Grammar.UnitTests.csproj", "{15783728-D6E6-4EDA-9595-3FC9A5C08068}"
EndProject
Project("{FAE04EC0-301F-11D3-BF4B-00C04F79EFBC}") = "Interpreter", "src\Interpreter\Interpreter.csproj", "{FE9FB96C-3791-4DE2-AB40-802258DB66E5}"
EndProject
Project("{FAE04EC0-301F-11D3-BF4B-00C04F79EFBC}") = "Interpreter.Specs", "tests\Interpreter.Specs\Interpreter.Specs.csproj", "{2626E655-C111-4229-8ACB-D0CCAD3A9F0A}"
EndProject
Project("{FAE04EC0-301F-11D3-BF4B-00C04F79EFBC}") = "Execution", "src\Execution\Execution.csproj", "{8C30E9EB-1DE4-42A4-9A24-FF8577827EB3}"
EndProject
Project("{FAE04EC0-301F-11D3-BF4B-00C04F79EFBC}") = "Ast", "src\Ast\Ast.csproj", "{05C4E02E-9FED-4AE1-AE88-EFB5F35CE4E0}"
EndProject
Project("{FAE04EC0-301F-11D3-BF4B-00C04F79EFBC}") = "Runtime", "src\Runtime\Runtime.csproj", "{72A29790-9938-4269-A6D0-8D208CB4DCA7}"
EndProject
Project("{FAE04EC0-301F-11D3-BF4B-00C04F79EFBC}") = "Semantics", "src\Semantics\Semantics.csproj", "{81275AB9-C861-4D09-B84A-CB17ACA33F0A}"
EndProject
Global
	GlobalSection(SolutionConfigurationPlatforms) = preSolution
		Debug|Any CPU = Debug|Any CPU
		Debug|x64 = Debug|x64
		Debug|x86 = Debug|x86
		Release|Any CPU = Release|Any CPU
		Release|x64 = Release|x64
		Release|x86 = Release|x86
	EndGlobalSection
	GlobalSection(ProjectConfigurationPlatforms) = postSolution
		{B7C668EC-38FC-4576-83E1-A5DAF7E8F3F3}.Debug|Any CPU.ActiveCfg = Debug|Any CPU
		{B7C668EC-38FC-4576-83E1-A5DAF7E8F3F3}.Debug|Any CPU.Build.0 = Debug|Any CPU
		{B7C668EC-38FC-4576-83E1-A5DAF7E8F3F3}.Debug|x64.ActiveCfg = Debug|Any CPU
		{B7C668EC-38FC-4576-83E1-A5DAF7E8F3F3}.Debug|x64.Build.0 = Debug|Any CPU
		{B7C668EC-38FC-4576-83E1-A5DAF7E8F3F3}.Debug|x86.ActiveCfg = Debug|Any CPU
		{B7C668EC-38FC-4576-83E1-A5DAF7E8F3F3}.Debug|x86.Build.0 = Debug|Any CPU
		{B7C668EC-38FC-4576-83E1-A5DAF7E8F3F3}.Release|Any CPU.ActiveCfg = Release|Any CPU
		{B7C668EC-38FC-4576-83E1-A5DAF7E8F3F3}.Release|Any CPU.Build.0 = Release|Any CPU
		{B7C668EC-38FC-4576-83E1-A5DAF7E8F3F3}.Release|x64.ActiveCfg = Release|Any CPU
		{B7C668EC-38FC-4576-83E1-A5DAF7E8F3F3}.Release|x64.Build.0 = Release|Any CPU
		{B7C668EC-38FC-4576-83E1-A5DAF7E8F3F3}.Release|x86.ActiveCfg = Release|Any CPU
		{B7C668EC-38FC-4576-83E1-A5DAF7E8F3F3}.Release|x86.Build.0 = Release|Any CPU
		{F2651B6E-CFBC-4B06-B6B0-9526C11EAB84}.Debug|Any CPU.ActiveCfg = Debug|Any CPU
		{F2651B6E-CFBC-4B06-B6B0-9526C11EAB84}.Debug|Any CPU.Build.0 = Debug|Any CPU
		{F2651B6E-CFBC-4B06-B6B0-9526C11EAB84}.Debug|x64.ActiveCfg = Debug|Any CPU
		{F2651B6E-CFBC-4B06-B6B0-9526C11EAB84}.Debug|x64.Build.0 = Debug|Any CPU
		{F2651B6E-CFBC-4B06-B6B0-9526C11EAB84}.Debug|x86.ActiveCfg = Debug|Any CPU
		{F2651B6E-CFBC-4B06-B6B0-9526C11EAB84}.Debug|x86.Build.0 = Debug|Any CPU
		{F2651B6E-CFBC-4B06-B6B0-9526C11EAB84}.Release|Any CPU.ActiveCfg = Release|Any CPU
		{F2651B6E-CFBC-4B06-B6B0-9526C11EAB84}.Release|Any CPU.Build.0 = Release|Any CPU
		{F2651B6E-CFBC-4B06-B6B0-9526C11EAB84}.Release|x64.ActiveCfg = Release|Any CPU
		{F2651B6E-CFBC-4B06-B6B0-9526C11EAB84}.Release|x64.Build.0 = Release|Any CPU
		{F2651B6E-CFBC-4B06-B6B0-9526C11EAB84}.Release|x86.ActiveCfg = Release|Any CPU
		{F2651B6E-CFBC-4B06-B6B0-9526C11EAB84}.Release|x86.Build.0 = Release|Any CPU
		{5BA99273-6252-4FFA-A4BC-B4BF05E3D592}.Debug|Any CPU.ActiveCfg = Debug|Any CPU
		{5BA99273-6252-4FFA-A4BC-B4BF05E3D592}.Debug|Any CPU.Build.0 = Debug|Any CPU
		{5BA99273-6252-4FFA-A4BC-B4BF05E3D592}.Debug|x64.ActiveCfg = Debug|Any CPU
		{5BA99273-6252-4FFA-A4BC-B4BF05E3D592}.Debug|x64.Build.0 = Debug|Any CPU
		{5BA99273-6252-4FFA-A4BC-B4BF05E3D592}.Debug|x86.ActiveCfg = Debug|Any CPU
		{5BA99273-6252-4FFA-A4BC-B4BF05E3D592}.Debug|x86.Build.0 = Debug|Any CPU
		{5BA99273-6252-4FFA-A4BC-B4BF05E3D592}.Release|Any CPU.ActiveCfg = Release|Any CPU
		{5BA99273-6252-4FFA-A4BC-B4BF05E3D592}.Release|Any CPU.Build.0 = Release|Any CPU
		{5BA99273-6252-4FFA-A4BC-B4BF05E3D592}.Release|x64.ActiveCfg = Release|Any CPU
		{5BA99273-6252-4FFA-A4BC-B4BF05E3D592}.Release|x64.Build.0 = Release|Any CPU
		{5BA99273-6252-4FFA-A4BC-B4BF05E3D592}.Release|x86.ActiveCfg = Release|Any CPU
		{5BA99273-6252-4FFA-A4BC-B4BF05E3D592}.Release|x86.Build.0 = Release|Any CPU
		{77625A8A-50C8-42F4-A97B-388637128ABF}.Debug|Any CPU.ActiveCfg = Debug|Any CPU
		{77625A8A-50C8-42F4-A97B-388637128ABF}.Debug|Any CPU.Build.0 = Debug|Any CPU
		{77625A8A-50C8-42F4-A97B-388637128ABF}.Debug|x64.ActiveCfg = Debug|Any CPU
		{77625A8A-50C8-42F4-A97B-388637128ABF}.Debug|x64.Build.0 = Debug|Any CPU
		{77625A8A-50C8-42F4-A97B-388637128ABF}.Debug|x86.ActiveCfg = Debug|Any CPU
		{77625A8A-50C8-42F4-A97B-388637128ABF}.Debug|x86.Build.0 = Debug|Any CPU
		{77625A8A-50C8-42F4-A97B-388637128ABF}.Release|Any CPU.ActiveCfg = Release|Any CPU
		{77625A8A-50C8-42F4-A97B-388637128ABF}.Release|Any CPU.Build.0 = Release|Any CPU
		{77625A8A-50C8-42F4-A97B-388637128ABF}.Release|x64.ActiveCfg = Release|Any CPU
		{77625A8A-50C8-42F4-A97B-388637128ABF}.Release|x64.Build.0 = Release|Any CPU
		{77625A8A-50C8-42F4-A97B-388637128ABF}.Release|x86.ActiveCfg = Release|Any CPU
		{77625A8A-50C8-42F4-A97B-388637128ABF}.Release|x86.Build.0 = Release|Any CPU
		{D58B6208-7E63-4976-9635-F45206AFCF34}.Debug|Any CPU.ActiveCfg = Debug|Any CPU
		{D58B6208-7E63-4976-9635-F45206AFCF34}.Debug|Any CPU.Build.0 = Debug|Any CPU
		{D58B6208-7E63-4976-9635-F45206AFCF34}.Debug|x64.ActiveCfg = Debug|Any CPU
		{D58B6208-7E63-4976-9635-F45206AFCF34}.Debug|x64.Build.0 = Debug|Any CPU
		{D58B6208-7E63-4976-9635-F45206AFCF34}.Debug|x86.ActiveCfg = Debug|Any CPU
		{D58B6208-7E63-4976-9635-F45206AFCF34}.Debug|x86.Build.0 = Debug|Any CPU
		{D58B6208-7E63-4976-9635-F45206AFCF34}.Release|Any CPU.ActiveCfg = Release|Any CPU
		{D58B6208-7E63-4976-9635-F45206AFCF34}.Release|Any CPU.Build.0 = Release|Any CPU
		{D58B6208-7E63-4976-9635-F45206AFCF34}.Release|x64.ActiveCfg = Release|Any CPU
		{D58B6208-7E63-4976-9635-F45206AFCF34}.Release|x64.Build.0 = Release|Any CPU
		{D58B6208-7E63-4976-9635-F45206AFCF34}.Release|x86.ActiveCfg = Release|Any CPU
		{D58B6208-7E63-4976-9635-F45206AFCF34}.Release|x86.Build.0 = Release|Any CPU
		{15783728-D6E6-4EDA-9595-3FC9A5C08068}.Debug|Any CPU.ActiveCfg = Debug|Any CPU
		{15783728-D6E6-4EDA-9595-3FC9A5C08068}.Debug|Any CPU.Build.0 = Debug|Any CPU
		{15783728-D6E6-4EDA-9595-3FC9A5C08068}.Debug|x64.ActiveCfg = Debug|Any CPU
		{15783728-D6E6-4EDA-9595-3FC9A5C08068}.Debug|x64.Build.0 = Debug|Any CPU
		{15783728-D6E6-4EDA-9595-3FC9A5C08068}.Debug|x86.ActiveCfg = Debug|Any CPU
		{15783728-D6E6-4EDA-9595-3FC9A5C08068}.Debug|x86.Build.0 = Debug|Any CPU
		{15783728-D6E6-4EDA-9595-3FC9A5C08068}.Release|Any CPU.ActiveCfg = Release|Any CPU
		{15783728-D6E6-4EDA-9595-3FC9A5C08068}.Release|Any CPU.Build.0 = Release|Any CPU
		{15783728-D6E6-4EDA-9595-3FC9A5C08068}.Release|x64.ActiveCfg = Release|Any CPU
		{15783728-D6E6-4EDA-9595-3FC9A5C08068}.Release|x64.Build.0 = Release|Any CPU
		{15783728-D6E6-4EDA-9595-3FC9A5C08068}.Release|x86.ActiveCfg = Release|Any CPU
		{15783728-D6E6-4EDA-9595-3FC9A5C08068}.Release|x86.Build.0 = Release|Any CPU
		{FE9FB96C-3791-4DE2-AB40-802258DB66E5}.Debug|Any CPU.ActiveCfg = Debug|Any CPU
		{FE9FB96C-3791-4DE2-AB40-802258DB66E5}.Debug|Any CPU.Build.0 = Debug|Any CPU
		{FE9FB96C-3791-4DE2-AB40-802258DB66E5}.Debug|x64.ActiveCfg = Debug|Any CPU
		{FE9FB96C-3791-4DE2-AB40-802258DB66E5}.Debug|x64.Build.0 = Debug|Any CPU
		{FE9FB96C-3791-4DE2-AB40-802258DB66E5}.Debug|x86.ActiveCfg = Debug|Any CPU
		{FE9FB96C-3791-4DE2-AB40-802258DB66E5}.Debug|x86.Build.0 = Debug|Any CPU
		{FE9FB96C-3791-4DE2-AB40-802258DB66E5}.Release|Any CPU.ActiveCfg = Release|Any CPU
		{FE9FB96C-3791-4DE2-AB40-802258DB66E5}.Release|Any CPU.Build.0 = Release|Any CPU
		{FE9FB96C-3791-4DE2-AB40-802258DB66E5}.Release|x64.ActiveCfg = Release|Any CPU
		{FE9FB96C-3791-4DE2-AB40-802258DB66E5}.Release|x64.Build.0 = Release|Any CPU
		{FE9FB96C-3791-4DE2-AB40-802258DB66E5}.Release|x86.ActiveCfg = Release|Any CPU
		{FE9FB96C-3791-4DE2-AB40-802258DB66E5}.Release|x86.Build.0 = Release|Any CPU
		{2626E655-C111-4229-8ACB-D0CCAD3A9F0A}.Debug|Any CPU.ActiveCfg = Debug|Any CPU
		{2626E655-C111-4229-8ACB-D0CCAD3A9F0A}.Debug|Any CPU.Build.0 = Debug|Any CPU
		{2626E655-C111-4229-8ACB-D0CCAD3A9F0A}.Debug|x64.ActiveCfg = Debug|Any CPU
		{2626E655-C111-4229-8ACB-D0CCAD3A9F0A}.Debug|x64.Build.0 = Debug|Any CPU
		{2626E655-C111-4229-8ACB-D0CCAD3A9F0A}.Debug|x86.ActiveCfg = Debug|Any CPU
		{2626E655-C111-4229-8ACB-D0CCAD3A9F0A}.Debug|x86.Build.0 = Debug|Any CPU
		{2626E655-C111-4229-8ACB-D0CCAD3A9F0A}.Release|Any CPU.ActiveCfg = Release|Any CPU
		{2626E655-C111-4229-8ACB-D0CCAD3A9F0A}.Release|Any CPU.Build.0 = Release|Any CPU
		{2626E655-C111-4229-8ACB-D0CCAD3A9F0A}.Release|x64.ActiveCfg = Release|Any CPU
		{2626E655-C111-4229-8ACB-D0CCAD3A9F0A}.Release|x64.Build.0 = Release|Any CPU
		{2626E655-C111-4229-8ACB-D0CCAD3A9F0A}.Release|x86.ActiveCfg = Release|Any CPU
		{2626E655-C111-4229-8ACB-D0CCAD3A9F0A}.Release|x86.Build.0 = Release|Any CPU
		{8C30E9EB-1DE4-42A4-9A24-FF8577827EB3}.Debug|Any CPU.ActiveCfg = Debug|Any CPU
		{8C30E9EB-1DE4-42A4-9A24-FF8577827EB3}.Debug|Any CPU.Build.0 = Debug|Any CPU
		{8C30E9EB-1DE4-42A4-9A24-FF8577827EB3}.Debug|x64.ActiveCfg = Debug|Any CPU
		{8C30E9EB-1DE4-42A4-9A24-FF8577827EB3}.Debug|x64.Build.0 = Debug|Any CPU
		{8C30E9EB-1DE4-42A4-9A24-FF8577827EB3}.Debug|x86.ActiveCfg = Debug|Any CPU
		{8C30E9EB-1DE4-42A4-9A24-FF8577827EB3}.Debug|x86.Build.0 = Debug|Any CPU
		{8C30E9EB-1DE4-42A4-9A24-FF8577827EB3}.Release|Any CPU.ActiveCfg = Release|Any CPU
		{8C30E9EB-1DE4-42A4-9A24-FF8577827EB3}.Release|Any CPU.Build.0 = Release|Any CPU
		{8C30E9EB-1DE4-42A4-9A24-FF8577827EB3}.Release|x64.ActiveCfg = Release|Any CPU
		{8C30E9EB-1DE4-42A4-9A24-FF8577827EB3}.Release|x64.Build.0 = Release|Any CPU
		{8C30E9EB-1DE4-42A4-9A24-FF8577827EB3}.Release|x86.ActiveCfg = Release|Any CPU
		{8C30E9EB-1DE4-42A4-9A24-FF8577827EB3}.Release|x86.Build.0 = Release|Any CPU
		{05C4E02E-9FED-4AE1-AE88-EFB5F35CE4E0}.Debug|Any CPU.ActiveCfg = Debug|Any CPU
		{05C4E02E-9FED-4AE1-AE88-EFB5F35CE4E0}.Debug|Any CPU.Build.0 = Debug|Any CPU
		{05C4E02E-9FED-4AE1-AE88-EFB5F35CE4E0}.Debug|x64.ActiveCfg = Debug|Any CPU
		{05C4E02E-9FED-4AE1-AE88-EFB5F35CE4E0}.Debug|x64.Build.0 = Debug|Any CPU
		{05C4E02E-9FED-4AE1-AE88-EFB5F35CE4E0}.Debug|x86.ActiveCfg = Debug|Any CPU
		{05C4E02E-9FED-4AE1-AE88-EFB5F35CE4E0}.Debug|x86.Build.0 = Debug|Any CPU
		{05C4E02E-9FED-4AE1-AE88-EFB5F35CE4E0}.Release|Any CPU.ActiveCfg = Release|Any CPU
		{05C4E02E-9FED-4AE1-AE88-EFB5F35CE4E0}.Release|Any CPU.Build.0 = Release|Any CPU
		{05C4E02E-9FED-4AE1-AE88-EFB5F35CE4E0}.Release|x64.ActiveCfg = Release|Any CPU
		{05C4E02E-9FED-4AE1-AE88-EFB5F35CE4E0}.Release|x64.Build.0 = Release|Any CPU
		{05C4E02E-9FED-4AE1-AE88-EFB5F35CE4E0}.Release|x86.ActiveCfg = Release|Any CPU
		{05C4E02E-9FED-4AE1-AE88-EFB5F35CE4E0}.Release|x86.Build.0 = Release|Any CPU
		{72A29790-9938-4269-A6D0-8D208CB4DCA7}.Debug|Any CPU.ActiveCfg = Debug|Any CPU
		{72A29790-9938-4269-A6D0-8D208CB4DCA7}.Debug|Any CPU.Build.0 = Debug|Any CPU
		{72A29790-9938-4269-A6D0-8D208CB4DCA7}.Debug|x64.ActiveCfg = Debug|Any CPU
		{72A29790-9938-4269-A6D0-8D208CB4DCA7}.Debug|x64.Build.0 = Debug|Any CPU
		{72A29790-9938-4269-A6D0-8D208CB4DCA7}.Debug|x86.ActiveCfg = Debug|Any CPU
		{72A29790-9938-4269-A6D0-8D208CB4DCA7}.Debug|x86.Build.0 = Debug|Any CPU
		{72A29790-9938-4269-A6D0-8D208CB4DCA7}.Release|Any CPU.ActiveCfg = Release|Any CPU
		{72A29790-9938-4269-A6D0-8D208CB4DCA7}.Release|Any CPU.Build.0 = Release|Any CPU
		{72A29790-9938-4269-A6D0-8D208CB4DCA7}.Release|x64.ActiveCfg = Release|Any CPU
		{72A29790-9938-4269-A6D0-8D208CB4DCA7}.Release|x64.Build.0 = Release|Any CPU
		{72A29790-9938-4269-A6D0-8D208CB4DCA7}.Release|x86.ActiveCfg = Release|Any CPU
		{72A29790-9938-4269-A6D0-8D208CB4DCA7}.Release|x86.Build.0 = Release|Any CPU
		{81275AB9-C861-4D09-B84A-CB17ACA33F0A}.Debug|Any CPU.ActiveCfg = Debug|Any CPU
		{81275AB9-C861-4D09-B84A-CB17ACA33F0A}.Debug|Any CPU.Build.0 = Debug|Any CPU
		{81275AB9-C861-4D09-B84A-CB17ACA33F0A}.Debug|x64.ActiveCfg = Debug|Any CPU
		{81275AB9-C861-4D09-B84A-CB17ACA33F0A}.Debug|x64.Build.0 = Debug|Any CPU
		{81275AB9-C861-4D09-B84A-CB17ACA33F0A}.Debug|x86.ActiveCfg = Debug|Any CPU
		{81275AB9-C861-4D09-B84A-CB17ACA33F0A}.Debug|x86.Build.0 = Debug|Any CPU
		{81275AB9-C861-4D09-B84A-CB17ACA33F0A}.Release|Any CPU.ActiveCfg = Release|Any CPU
		{81275AB9-C861-4D09-B84A-CB17ACA33F0A}.Release|Any CPU.Build.0 = Release|Any CPU
		{81275AB9-C861-4D09-B84A-CB17ACA33F0A}.Release|x64.ActiveCfg = Release|Any CPU
		{81275AB9-C861-4D09-B84A-CB17ACA33F0A}.Release|x64.Build.0 = Release|Any CPU
		{81275AB9-C861-4D09-B84A-CB17ACA33F0A}.Release|x86.ActiveCfg = Release|Any CPU
		{81275AB9-C861-4D09-B84A-CB17ACA33F0A}.Release|x86.Build.0 = Release|Any CPU
	EndGlobalSection
	GlobalSection(SolutionProperties) = preSolution
		HideSolutionNode = FALSE
	EndGlobalSection
	GlobalSection(NestedProjects) = preSolution
		{B7C668EC-38FC-4576-83E1-A5DAF7E8F3F3} = {BC350437-839E-4883-8391-E1612E997827}
		{F2651B6E-CFBC-4B06-B6B0-9526C11EAB84} = {24A6D78E-8DC2-46CE-BABC-90E456CD72E2}
		{5BA99273-6252-4FFA-A4BC-B4BF05E3D592} = {BC350437-839E-4883-8391-E1612E997827}
		{77625A8A-50C8-42F4-A97B-388637128ABF} = {24A6D78E-8DC2-46CE-BABC-90E456CD72E2}
		{D58B6208-7E63-4976-9635-F45206AFCF34} = {BC350437-839E-4883-8391-E1612E997827}
		{15783728-D6E6-4EDA-9595-3FC9A5C08068} = {24A6D78E-8DC2-46CE-BABC-90E456CD72E2}
		{FE9FB96C-3791-4DE2-AB40-802258DB66E5} = {BC350437-839E-4883-8391-E1612E997827}
		{2626E655-C111-4229-8ACB-D0CCAD3A9F0A} = {24A6D78E-8DC2-46CE-BABC-90E456CD72E2}
		{8C30E9EB-1DE4-42A4-9A24-FF8577827EB3} = {BC350437-839E-4883-8391-E1612E997827}
		{05C4E02E-9FED-4AE1-AE88-EFB5F35CE4E0} = {BC350437-839E-4883-8391-E1612E997827}
		{72A29790-9938-4269-A6D0-8D208CB4DCA7} = {BC350437-839E-4883-8391-E1612E997827}
		{81275AB9-C861-4D09-B84A-CB17ACA33F0A} = {BC350437-839E-4883-8391-E1612E997827}
	EndGlobalSection
EndGlobal
