
Microsoft Visual Studio Solution File, Format Version 12.00
# Visual Studio Version 17
VisualStudioVersion = 17.0.31903.59
MinimumVisualStudioVersion = 10.0.40219.1
Project("{2150E333-8FDC-42A3-9474-1A3956D46DE8}") = "src", "src", "{BC350437-839E-4883-8391-E1612E997827}"
EndProject
Project("{FAE04EC0-301F-11D3-BF4B-00C04F79EFBC}") = "Lexer", "src\Lexer\Lexer.csproj", "{B7C668EC-38FC-4576-83E1-A5DAF7E8F3F3}"
EndProject
Project("{2150E333-8FDC-42A3-9474-1A3956D46DE8}") = "tests", "tests", "{24A6D78E-8DC2-46CE-BABC-90E456CD72E2}"
EndProject
Project("{FAE04EC0-301F-11D3-BF4B-00C04F79EFBC}") = "Lexer.UnitTests", "tests\Lexer.UnitTests\Lexer.UnitTests.csproj", "{F2651B6E-CFBC-4B06-B6B0-9526C11EAB84}"
EndProject
Global
	GlobalSection(SolutionConfigurationPlatforms) = preSolution
		Debug|Any CPU = Debug|Any CPU
		Release|Any CPU = Release|Any CPU
	EndGlobalSection
	GlobalSection(SolutionProperties) = preSolution
		HideSolutionNode = FALSE
	EndGlobalSection
	GlobalSection(ProjectConfigurationPlatforms) = postSolution
		{B7C668EC-38FC-4576-83E1-A5DAF7E8F3F3}.Debug|Any CPU.ActiveCfg = Debug|Any CPU
		{B7C668EC-38FC-4576-83E1-A5DAF7E8F3F3}.Debug|Any CPU.Build.0 = Debug|Any CPU
		{B7C668EC-38FC-4576-83E1-A5DAF7E8F3F3}.Release|Any CPU.ActiveCfg = Release|Any CPU
		{B7C668EC-38FC-4576-83E1-A5DAF7E8F3F3}.Release|Any CPU.Build.0 = Release|Any CPU
		{F2651B6E-CFBC-4B06-B6B0-9526C11EAB84}.Debug|Any CPU.ActiveCfg = Debug|Any CPU
		{F2651B6E-CFBC-4B06-B6B0-9526C11EAB84}.Debug|Any CPU.Build.0 = Debug|Any CPU
		{F2651B6E-CFBC-4B06-B6B0-9526C11EAB84}.Release|Any CPU.ActiveCfg = Release|Any CPU
		{F2651B6E-CFBC-4B06-B6B0-9526C11EAB84}.Release|Any CPU.Build.0 = Release|Any CPU
	EndGlobalSection
	GlobalSection(NestedProjects) = preSolution
		{B7C668EC-38FC-4576-83E1-A5DAF7E8F3F3} = {BC350437-839E-4883-8391-E1612E997827}
		{F2651B6E-CFBC-4B06-B6B0-9526C11EAB84} = {24A6D78E-8DC2-46CE-BABC-90E456CD72E2}
	EndGlobalSection
EndGlobal
