
Microsoft Visual Studio Solution File, Format Version 12.00
# Visual Studio Version 17
Project("{8BC9CEB8-8B4A-11D0-8D11-00A0C91BC942}") = "ALL_BUILD", "ALL_BUILD.vcxproj", "{2A98EEDD-C293-3B24-983D-3553EE70A384}"
	ProjectSection(ProjectDependencies) = postProject
		{D22E498C-ED64-3991-AC97-C9D41ADD524A} = {D22E498C-ED64-3991-AC97-C9D41ADD524A}
		{F52C64A5-5225-3DE5-89FB-11260B04DA0D} = {F52C64A5-5225-3DE5-89FB-11260B04DA0D}
		{940CAF83-09B6-364F-A9D1-84E1F6576980} = {940CAF83-09B6-364F-A9D1-84E1F6576980}
	EndProjectSection
EndProject
Project("{8BC9CEB8-8B4A-11D0-8D11-00A0C91BC942}") = "INSTALL", "INSTALL.vcxproj", "{866F7717-CBB0-361F-A43C-46633A1186F5}"
	ProjectSection(ProjectDependencies) = postProject
		{2A98EEDD-C293-3B24-983D-3553EE70A384} = {2A98EEDD-C293-3B24-983D-3553EE70A384}
		{D22E498C-ED64-3991-AC97-C9D41ADD524A} = {D22E498C-ED64-3991-AC97-C9D41ADD524A}
	EndProjectSection
EndProject
Project("{8BC9CEB8-8B4A-11D0-8D11-00A0C91BC942}") = "RUN_TESTS", "RUN_TESTS.vcxproj", "{067AF634-11D9-37EF-800D-FEBE2697A32E}"
	ProjectSection(ProjectDependencies) = postProject
		{D22E498C-ED64-3991-AC97-C9D41ADD524A} = {D22E498C-ED64-3991-AC97-C9D41ADD524A}
	EndProjectSection
EndProject
Project("{8BC9CEB8-8B4A-11D0-8D11-00A0C91BC942}") = "ZERO_CHECK", "..\..\\ZERO_CHECK.vcxproj", "{D22E498C-ED64-3991-AC97-C9D41ADD524A}"
	ProjectSection(ProjectDependencies) = postProject
	EndProjectSection
EndProject
Project("{8BC9CEB8-8B4A-11D0-8D11-00A0C91BC942}") = "gtest", "gtest.vcxproj", "{F52C64A5-5225-3DE5-89FB-11260B04DA0D}"
	ProjectSection(ProjectDependencies) = postProject
		{D22E498C-ED64-3991-AC97-C9D41ADD524A} = {D22E498C-ED64-3991-AC97-C9D41ADD524A}
	EndProjectSection
EndProject
Project("{8BC9CEB8-8B4A-11D0-8D11-00A0C91BC942}") = "gtest_main", "gtest_main.vcxproj", "{940CAF83-09B6-364F-A9D1-84E1F6576980}"
	ProjectSection(ProjectDependencies) = postProject
		{D22E498C-ED64-3991-AC97-C9D41ADD524A} = {D22E498C-ED64-3991-AC97-C9D41ADD524A}
		{F52C64A5-5225-3DE5-89FB-11260B04DA0D} = {F52C64A5-5225-3DE5-89FB-11260B04DA0D}
	EndProjectSection
EndProject
Global
	GlobalSection(SolutionConfigurationPlatforms) = preSolution
		Debug|x64 = Debug|x64
		Release|x64 = Release|x64
		MinSizeRel|x64 = MinSizeRel|x64
		RelWithDebInfo|x64 = RelWithDebInfo|x64
	EndGlobalSection
	GlobalSection(ProjectConfigurationPlatforms) = postSolution
		{2A98EEDD-C293-3B24-983D-3553EE70A384}.Debug|x64.ActiveCfg = Debug|x64
		{2A98EEDD-C293-3B24-983D-3553EE70A384}.Debug|x64.Build.0 = Debug|x64
		{2A98EEDD-C293-3B24-983D-3553EE70A384}.Release|x64.ActiveCfg = Release|x64
		{2A98EEDD-C293-3B24-983D-3553EE70A384}.Release|x64.Build.0 = Release|x64
		{2A98EEDD-C293-3B24-983D-3553EE70A384}.MinSizeRel|x64.ActiveCfg = MinSizeRel|x64
		{2A98EEDD-C293-3B24-983D-3553EE70A384}.MinSizeRel|x64.Build.0 = MinSizeRel|x64
		{2A98EEDD-C293-3B24-983D-3553EE70A384}.RelWithDebInfo|x64.ActiveCfg = RelWithDebInfo|x64
		{2A98EEDD-C293-3B24-983D-3553EE70A384}.RelWithDebInfo|x64.Build.0 = RelWithDebInfo|x64
		{866F7717-CBB0-361F-A43C-46633A1186F5}.Debug|x64.ActiveCfg = Debug|x64
		{866F7717-CBB0-361F-A43C-46633A1186F5}.Release|x64.ActiveCfg = Release|x64
		{866F7717-CBB0-361F-A43C-46633A1186F5}.MinSizeRel|x64.ActiveCfg = MinSizeRel|x64
		{866F7717-CBB0-361F-A43C-46633A1186F5}.RelWithDebInfo|x64.ActiveCfg = RelWithDebInfo|x64
		{067AF634-11D9-37EF-800D-FEBE2697A32E}.Debug|x64.ActiveCfg = Debug|x64
		{067AF634-11D9-37EF-800D-FEBE2697A32E}.Release|x64.ActiveCfg = Release|x64
		{067AF634-11D9-37EF-800D-FEBE2697A32E}.MinSizeRel|x64.ActiveCfg = MinSizeRel|x64
		{067AF634-11D9-37EF-800D-FEBE2697A32E}.RelWithDebInfo|x64.ActiveCfg = RelWithDebInfo|x64
		{D22E498C-ED64-3991-AC97-C9D41ADD524A}.Debug|x64.ActiveCfg = Debug|x64
		{D22E498C-ED64-3991-AC97-C9D41ADD524A}.Debug|x64.Build.0 = Debug|x64
		{D22E498C-ED64-3991-AC97-C9D41ADD524A}.Release|x64.ActiveCfg = Release|x64
		{D22E498C-ED64-3991-AC97-C9D41ADD524A}.Release|x64.Build.0 = Release|x64
		{D22E498C-ED64-3991-AC97-C9D41ADD524A}.MinSizeRel|x64.ActiveCfg = MinSizeRel|x64
		{D22E498C-ED64-3991-AC97-C9D41ADD524A}.MinSizeRel|x64.Build.0 = MinSizeRel|x64
		{D22E498C-ED64-3991-AC97-C9D41ADD524A}.RelWithDebInfo|x64.ActiveCfg = RelWithDebInfo|x64
		{D22E498C-ED64-3991-AC97-C9D41ADD524A}.RelWithDebInfo|x64.Build.0 = RelWithDebInfo|x64
		{F52C64A5-5225-3DE5-89FB-11260B04DA0D}.Debug|x64.ActiveCfg = Debug|x64
		{F52C64A5-5225-3DE5-89FB-11260B04DA0D}.Debug|x64.Build.0 = Debug|x64
		{F52C64A5-5225-3DE5-89FB-11260B04DA0D}.Release|x64.ActiveCfg = Release|x64
		{F52C64A5-5225-3DE5-89FB-11260B04DA0D}.Release|x64.Build.0 = Release|x64
		{F52C64A5-5225-3DE5-89FB-11260B04DA0D}.MinSizeRel|x64.ActiveCfg = MinSizeRel|x64
		{F52C64A5-5225-3DE5-89FB-11260B04DA0D}.MinSizeRel|x64.Build.0 = MinSizeRel|x64
		{F52C64A5-5225-3DE5-89FB-11260B04DA0D}.RelWithDebInfo|x64.ActiveCfg = RelWithDebInfo|x64
		{F52C64A5-5225-3DE5-89FB-11260B04DA0D}.RelWithDebInfo|x64.Build.0 = RelWithDebInfo|x64
		{940CAF83-09B6-364F-A9D1-84E1F6576980}.Debug|x64.ActiveCfg = Debug|x64
		{940CAF83-09B6-364F-A9D1-84E1F6576980}.Debug|x64.Build.0 = Debug|x64
		{940CAF83-09B6-364F-A9D1-84E1F6576980}.Release|x64.ActiveCfg = Release|x64
		{940CAF83-09B6-364F-A9D1-84E1F6576980}.Release|x64.Build.0 = Release|x64
		{940CAF83-09B6-364F-A9D1-84E1F6576980}.MinSizeRel|x64.ActiveCfg = MinSizeRel|x64
		{940CAF83-09B6-364F-A9D1-84E1F6576980}.MinSizeRel|x64.Build.0 = MinSizeRel|x64
		{940CAF83-09B6-364F-A9D1-84E1F6576980}.RelWithDebInfo|x64.ActiveCfg = RelWithDebInfo|x64
		{940CAF83-09B6-364F-A9D1-84E1F6576980}.RelWithDebInfo|x64.Build.0 = RelWithDebInfo|x64
	EndGlobalSection
	GlobalSection(ExtensibilityGlobals) = postSolution
		SolutionGuid = {09166036-742F-3C8A-BBCA-AF5E881A3E18}
	EndGlobalSection
	GlobalSection(ExtensibilityAddIns) = postSolution
	EndGlobalSection
EndGlobal
