<?xml version="1.0" encoding="utf-8"?>
<Project ToolsVersion="17.0" xmlns="http://schemas.microsoft.com/developer/msbuild/2003">
  <ItemGroup>
    <ClCompile Include="C:\Notebook\Study\automata-theory\lw1\googletest-1.14.0\googletest\src\gtest-all.cc">
      <Filter>Source Files</Filter>
    </ClCompile>
  </ItemGroup>
  <ItemGroup>
    <CustomBuild Include="C:\Notebook\Study\automata-theory\lw1\googletest-1.14.0\googletest\CMakeLists.txt" />
  </ItemGroup>
  <ItemGroup>
    <Filter Include="Source Files">
      <UniqueIdentifier>{1EF5A937-B211-3876-ABFA-1FEE0A8206FA}</UniqueIdentifier>
    </Filter>
  </ItemGroup>
</Project>
