<?xml version="1.0" encoding="utf-8"?>
<Project ToolsVersion="17.0" xmlns="http://schemas.microsoft.com/developer/msbuild/2003">
  <ItemGroup>
    <CustomBuild Include="C:\Notebook\Study\automata-theory\lw1\CMakeFiles\ea598650e21fa667f858a33d435b205a\INSTALL_force.rule">
      <Filter>CMake Rules</Filter>
    </CustomBuild>
  </ItemGroup>
  <ItemGroup>
    <Filter Include="CMake Rules">
      <UniqueIdentifier>{643502E1-CAC3-39DD-9221-0FBC61790A0A}</UniqueIdentifier>
    </Filter>
  </ItemGroup>
</Project>
